
Microsoft Visual Studio Solution File, Format Version 12.00
# Visual Studio 15
VisualStudioVersion = 15.0.27004.2002
MinimumVisualStudioVersion = 10.0.40219.1
Project("{9A19103F-16F7-4668-BE54-9A1E7A4F7556}") = "NGColombia.Api", "NGColombia.Api\NGColombia.Api.csproj", "{C57B19E8-C431-4476-A57B-F5C57E2175E7}"
EndProject
Global
	GlobalSection(SolutionConfigurationPlatforms) = preSolution
		Debug|Any CPU = Debug|Any CPU
		Release|Any CPU = Release|Any CPU
	EndGlobalSection
	GlobalSection(ProjectConfigurationPlatforms) = postSolution
		{C57B19E8-C431-4476-A57B-F5C57E2175E7}.Debug|Any CPU.ActiveCfg = Debug|Any CPU
		{C57B19E8-C431-4476-A57B-F5C57E2175E7}.Debug|Any CPU.Build.0 = Debug|Any CPU
		{C57B19E8-C431-4476-A57B-F5C57E2175E7}.Release|Any CPU.ActiveCfg = Release|Any CPU
		{C57B19E8-C431-4476-A57B-F5C57E2175E7}.Release|Any CPU.Build.0 = Release|Any CPU
	EndGlobalSection
	GlobalSection(SolutionProperties) = preSolution
		HideSolutionNode = FALSE
	EndGlobalSection
	GlobalSection(ExtensibilityGlobals) = postSolution
		SolutionGuid = {CD345C0A-BB8D-4B73-9CB2-668D026A6065}
	EndGlobalSection
EndGlobal
